
Microsoft Visual Studio Solution File, Format Version 12.00
# Visual Studio Version 16
VisualStudioVersion = 16.0.32002.261
MinimumVisualStudioVersion = 10.0.40219.1
Project("{8BC9CEB8-8B4A-11D0-8D11-00A0C91BC942}") = "CPPLab2", "CPPLab2.vcxproj", "{37BDEB55-6502-495A-BDC7-B717EDCFF881}"
EndProject
Global
	GlobalSection(SolutionConfigurationPlatforms) = preSolution
		Debug|x64 = Debug|x64
		Debug|x86 = Debug|x86
		Release|x64 = Release|x64
		Release|x86 = Release|x86
	EndGlobalSection
	GlobalSection(ProjectConfigurationPlatforms) = postSolution
		{37BDEB55-6502-495A-BDC7-B717EDCFF881}.Debug|x64.ActiveCfg = Debug|x64
		{37BDEB55-6502-495A-BDC7-B717EDCFF881}.Debug|x64.Build.0 = Debug|x64
		{37BDEB55-6502-495A-BDC7-B717EDCFF881}.Debug|x86.ActiveCfg = Debug|Win32
		{37BDEB55-6502-495A-BDC7-B717EDCFF881}.Debug|x86.Build.0 = Debug|Win32
		{37BDEB55-6502-495A-BDC7-B717EDCFF881}.Release|x64.ActiveCfg = Release|x64
		{37BDEB55-6502-495A-BDC7-B717EDCFF881}.Release|x64.Build.0 = Release|x64
		{37BDEB55-6502-495A-BDC7-B717EDCFF881}.Release|x86.ActiveCfg = Release|Win32
		{37BDEB55-6502-495A-BDC7-B717EDCFF881}.Release|x86.Build.0 = Release|Win32
	EndGlobalSection
	GlobalSection(SolutionProperties) = preSolution
		HideSolutionNode = FALSE
	EndGlobalSection
	GlobalSection(ExtensibilityGlobals) = postSolution
		SolutionGuid = {D8B631C2-0799-469F-97AD-EBAD6F9ADEFA}
	EndGlobalSection
EndGlobal
